// !$*UTF8*$!
{
	archiveVersion = 1;
	classes = {
	};
	objectVersion = 77;
	objects = {

/* Begin PBXBuildFile section */
		03E6B30CFF8A4C5D10456CB7 /* ContentView.swift in Sources */ = {isa = PBXBuildFile; fileRef = 23EA33B0F920B5E1A0DA3F5B /* ContentView.swift */; };
		058CC07A8750EFDE6C9220C6 /* FrameStreamer.swift in Sources */ = {isa = PBXBuildFile; fileRef = F6227F36D4C62511975651E9 /* FrameStreamer.swift */; };
		2667FC94205E572208418F59 /* MoverPeerClient.swift in Sources */ = {isa = PBXBuildFile; fileRef = 119FC7ED377925A0ADCD0573 /* MoverPeerClient.swift */; };
		6BCD006EF04A41A0C4396314 /* CameraManager.swift in Sources */ = {isa = PBXBuildFile; fileRef = F5B3DD3B2A5E0633AA5F3FC9 /* CameraManager.swift */; };
		6F1AC4B02401287463E12B97 /* AnchorManager.swift in Sources */ = {isa = PBXBuildFile; fileRef = 26BA288516C3D88C67E1D10A /* AnchorManager.swift */; };
		8E5C017AC800A34462438827 /* PhoneCamStreamApp.swift in Sources */ = {isa = PBXBuildFile; fileRef = 5D101BF9AF22DEEA7817D073 /* PhoneCamStreamApp.swift */; };
		994D9D79A2BE791834A2DD0B /* CameraPreview.swift in Sources */ = {isa = PBXBuildFile; fileRef = D2E299D82B8E70EE02B0A19A /* CameraPreview.swift */; };
		BF72FBB07EFB230FD5ABB9C8 /* AnchorView.swift in Sources */ = {isa = PBXBuildFile; fileRef = 89952E75F0F2249382D6BCD5 /* AnchorView.swift */; };
		D6013B7B2552C30D986CCA0D /* HeadingTracker.swift in Sources */ = {isa = PBXBuildFile; fileRef = 41FFA8554B028AF465197FCD /* HeadingTracker.swift */; };
		D9EAA9AE1CBF37DE60257951 /* PositionSender.swift in Sources */ = {isa = PBXBuildFile; fileRef = 87A54CA12AB0AE0290C9A6D2 /* PositionSender.swift */; };
		DA16DE95C9C8A68B237EC2E0 /* StreamingView.swift in Sources */ = {isa = PBXBuildFile; fileRef = E65AB07D6FB9EBE59155E448 /* StreamingView.swift */; };
/* End PBXBuildFile section */

/* Begin PBXFileReference section */
		119FC7ED377925A0ADCD0573 /* MoverPeerClient.swift */ = {isa = PBXFileReference; lastKnownFileType = sourcecode.swift; path = MoverPeerClient.swift; sourceTree = "<group>"; };
		23EA33B0F920B5E1A0DA3F5B /* ContentView.swift */ = {isa = PBXFileReference; lastKnownFileType = sourcecode.swift; path = ContentView.swift; sourceTree = "<group>"; };
		26BA288516C3D88C67E1D10A /* AnchorManager.swift */ = {isa = PBXFileReference; lastKnownFileType = sourcecode.swift; path = AnchorManager.swift; sourceTree = "<group>"; };
		41FFA8554B028AF465197FCD /* HeadingTracker.swift */ = {isa = PBXFileReference; lastKnownFileType = sourcecode.swift; path = HeadingTracker.swift; sourceTree = "<group>"; };
		5D101BF9AF22DEEA7817D073 /* PhoneCamStreamApp.swift */ = {isa = PBXFileReference; lastKnownFileType = sourcecode.swift; path = PhoneCamStreamApp.swift; sourceTree = "<group>"; };
		87A54CA12AB0AE0290C9A6D2 /* PositionSender.swift */ = {isa = PBXFileReference; lastKnownFileType = sourcecode.swift; path = PositionSender.swift; sourceTree = "<group>"; };
		89952E75F0F2249382D6BCD5 /* AnchorView.swift */ = {isa = PBXFileReference; lastKnownFileType = sourcecode.swift; path = AnchorView.swift; sourceTree = "<group>"; };
		D2E299D82B8E70EE02B0A19A /* CameraPreview.swift */ = {isa = PBXFileReference; lastKnownFileType = sourcecode.swift; path = CameraPreview.swift; sourceTree = "<group>"; };
		E65AB07D6FB9EBE59155E448 /* StreamingView.swift */ = {isa = PBXFileReference; lastKnownFileType = sourcecode.swift; path = StreamingView.swift; sourceTree = "<group>"; };
		ED7B4FEA8E91B30F5FCFC7F0 /* PhoneCamStream.app */ = {isa = PBXFileReference; includeInIndex = 0; lastKnownFileType = wrapper.application; path = PhoneCamStream.app; sourceTree = BUILT_PRODUCTS_DIR; };
		F5B3DD3B2A5E0633AA5F3FC9 /* CameraManager.swift */ = {isa = PBXFileReference; lastKnownFileType = sourcecode.swift; path = CameraManager.swift; sourceTree = "<group>"; };
		F6227F36D4C62511975651E9 /* FrameStreamer.swift */ = {isa = PBXFileReference; lastKnownFileType = sourcecode.swift; path = FrameStreamer.swift; sourceTree = "<group>"; };
/* End PBXFileReference section */

/* Begin PBXGroup section */
		0FB0D13AF60A123EC81A7A49 /* Products */ = {
			isa = PBXGroup;
			children = (
				ED7B4FEA8E91B30F5FCFC7F0 /* PhoneCamStream.app */,
			);
			name = Products;
			sourceTree = "<group>";
		};
		43695CFFDFFCE30492D8A83D /* PhoneCamStream */ = {
			isa = PBXGroup;
			children = (
				26BA288516C3D88C67E1D10A /* AnchorManager.swift */,
				89952E75F0F2249382D6BCD5 /* AnchorView.swift */,
				F5B3DD3B2A5E0633AA5F3FC9 /* CameraManager.swift */,
				D2E299D82B8E70EE02B0A19A /* CameraPreview.swift */,
				23EA33B0F920B5E1A0DA3F5B /* ContentView.swift */,
				F6227F36D4C62511975651E9 /* FrameStreamer.swift */,
				41FFA8554B028AF465197FCD /* HeadingTracker.swift */,
				119FC7ED377925A0ADCD0573 /* MoverPeerClient.swift */,
				5D101BF9AF22DEEA7817D073 /* PhoneCamStreamApp.swift */,
				87A54CA12AB0AE0290C9A6D2 /* PositionSender.swift */,
				E65AB07D6FB9EBE59155E448 /* StreamingView.swift */,
			);
			path = PhoneCamStream;
			sourceTree = "<group>";
		};
		49C9EAB81D84130B65FF5BF9 = {
			isa = PBXGroup;
			children = (
				43695CFFDFFCE30492D8A83D /* PhoneCamStream */,
				0FB0D13AF60A123EC81A7A49 /* Products */,
			);
			sourceTree = "<group>";
		};
/* End PBXGroup section */

/* Begin PBXNativeTarget section */
		5F38303A3B5933A1CF94FB7B /* PhoneCamStream */ = {
			isa = PBXNativeTarget;
			buildConfigurationList = 1ED2D9F0612A17CC6F091639 /* Build configuration list for PBXNativeTarget "PhoneCamStream" */;
			buildPhases = (
				664A6BE7E5FD75717D1C72AC /* Sources */,
			);
			buildRules = (
			);
			dependencies = (
			);
			name = PhoneCamStream;
			packageProductDependencies = (
			);
			productName = PhoneCamStream;
			productReference = ED7B4FEA8E91B30F5FCFC7F0 /* PhoneCamStream.app */;
			productType = "com.apple.product-type.application";
		};
/* End PBXNativeTarget section */

/* Begin PBXProject section */
		2255557C7C58E8CAED12A410 /* Project object */ = {
			isa = PBXProject;
			attributes = {
				BuildIndependentTargetsInParallel = YES;
				LastUpgradeCheck = 1500;
				TargetAttributes = {
					5F38303A3B5933A1CF94FB7B = {
						DevelopmentTeam = "";
						ProvisioningStyle = Automatic;
					};
				};
			};
			buildConfigurationList = F2C6A4E046A348D0EC97CBE2 /* Build configuration list for PBXProject "PhoneCamStream" */;
			compatibilityVersion = "Xcode 14.0";
			developmentRegion = en;
			hasScannedForEncodings = 0;
			knownRegions = (
				Base,
				en,
			);
			mainGroup = 49C9EAB81D84130B65FF5BF9;
			minimizedProjectReferenceProxies = 1;
			preferredProjectObjectVersion = 77;
			projectDirPath = "";
			projectRoot = "";
			targets = (
				5F38303A3B5933A1CF94FB7B /* PhoneCamStream */,
			);
		};
/* End PBXProject section */

/* Begin PBXSourcesBuildPhase section */
		664A6BE7E5FD75717D1C72AC /* Sources */ = {
			isa = PBXSourcesBuildPhase;
			buildActionMask = 2147483647;
			files = (
				6F1AC4B02401287463E12B97 /* AnchorManager.swift in Sources */,
				BF72FBB07EFB230FD5ABB9C8 /* AnchorView.swift in Sources */,
				6BCD006EF04A41A0C4396314 /* CameraManager.swift in Sources */,
				994D9D79A2BE791834A2DD0B /* CameraPreview.swift in Sources */,
				03E6B30CFF8A4C5D10456CB7 /* ContentView.swift in Sources */,
				058CC07A8750EFDE6C9220C6 /* FrameStreamer.swift in Sources */,
				D6013B7B2552C30D986CCA0D /* HeadingTracker.swift in Sources */,
				2667FC94205E572208418F59 /* MoverPeerClient.swift in Sources */,
				8E5C017AC800A34462438827 /* PhoneCamStreamApp.swift in Sources */,
				D9EAA9AE1CBF37DE60257951 /* PositionSender.swift in Sources */,
				DA16DE95C9C8A68B237EC2E0 /* StreamingView.swift in Sources */,
			);
			runOnlyForDeploymentPostprocessing = 0;
		};
/* End PBXSourcesBuildPhase section */

/* Begin XCBuildConfiguration section */
		30622F644FABED4FFEBEA4EC /* Debug */ = {
			isa = XCBuildConfiguration;
			buildSettings = {
				ALWAYS_SEARCH_USER_PATHS = NO;
				CLANG_ANALYZER_NONNULL = YES;
				CLANG_ANALYZER_NUMBER_OBJECT_CONVERSION = YES_AGGRESSIVE;
				CLANG_CXX_LANGUAGE_STANDARD = "gnu++14";
				CLANG_CXX_LIBRARY = "libc++";
				CLANG_ENABLE_MODULES = YES;
				CLANG_ENABLE_OBJC_ARC = YES;
				CLANG_ENABLE_OBJC_WEAK = YES;
				CLANG_WARN_BLOCK_CAPTURE_AUTORELEASING = YES;
				CLANG_WARN_BOOL_CONVERSION = YES;
				CLANG_WARN_COMMA = YES;
				CLANG_WARN_CONSTANT_CONVERSION = YES;
				CLANG_WARN_DEPRECATED_OBJC_IMPLEMENTATIONS = YES;
				CLANG_WARN_DIRECT_OBJC_ISA_USAGE = YES_ERROR;
				CLANG_WARN_DOCUMENTATION_COMMENTS = YES;
				CLANG_WARN_EMPTY_BODY = YES;
				CLANG_WARN_ENUM_CONVERSION = YES;
				CLANG_WARN_INFINITE_RECURSION = YES;
				CLANG_WARN_INT_CONVERSION = YES;
				CLANG_WARN_NON_LITERAL_NULL_CONVERSION = YES;
				CLANG_WARN_OBJC_IMPLICIT_RETAIN_SELF = YES;
				CLANG_WARN_OBJC_LITERAL_CONVERSION = YES;
				CLANG_WARN_OBJC_ROOT_CLASS = YES_ERROR;
				CLANG_WARN_QUOTED_INCLUDE_IN_FRAMEWORK_HEADER = YES;
				CLANG_WARN_RANGE_LOOP_ANALYSIS = YES;
				CLANG_WARN_STRICT_PROTOTYPES = YES;
				CLANG_WARN_SUSPICIOUS_MOVE = YES;
				CLANG_WARN_UNGUARDED_AVAILABILITY = YES_AGGRESSIVE;
				CLANG_WARN_UNREACHABLE_CODE = YES;
				CLANG_WARN__DUPLICATE_METHOD_MATCH = YES;
				COPY_PHASE_STRIP = NO;
				DEBUG_INFORMATION_FORMAT = dwarf;
				ENABLE_STRICT_OBJC_MSGSEND = YES;
				ENABLE_TESTABILITY = YES;
				GCC_C_LANGUAGE_STANDARD = gnu11;
				GCC_DYNAMIC_NO_PIC = NO;
				GCC_NO_COMMON_BLOCKS = YES;
				GCC_OPTIMIZATION_LEVEL = 0;
				GCC_PREPROCESSOR_DEFINITIONS = (
					"$(inherited)",
					"DEBUG=1",
				);
				GCC_WARN_64_TO_32_BIT_CONVERSION = YES;
				GCC_WARN_ABOUT_RETURN_TYPE = YES_ERROR;
				GCC_WARN_UNDECLARED_SELECTOR = YES;
				GCC_WARN_UNINITIALIZED_AUTOS = YES_AGGRESSIVE;
				GCC_WARN_UNUSED_FUNCTION = YES;
				GCC_WARN_UNUSED_VARIABLE = YES;
				IPHONEOS_DEPLOYMENT_TARGET = 16.0;
				MTL_ENABLE_DEBUG_INFO = INCLUDE_SOURCE;
				MTL_FAST_MATH = YES;
				ONLY_ACTIVE_ARCH = YES;
				PRODUCT_NAME = "$(TARGET_NAME)";
				SDKROOT = iphoneos;
				SWIFT_ACTIVE_COMPILATION_CONDITIONS = DEBUG;
				SWIFT_OPTIMIZATION_LEVEL = "-Onone";
				SWIFT_VERSION = 5.9;
			};
			name = Debug;
		};
		5FC3A462CC64FECCABDF02F3 /* Release */ = {
			isa = XCBuildConfiguration;
			buildSettings = {
				ALWAYS_SEARCH_USER_PATHS = NO;
				CLANG_ANALYZER_NONNULL = YES;
				CLANG_ANALYZER_NUMBER_OBJECT_CONVERSION = YES_AGGRESSIVE;
				CLANG_CXX_LANGUAGE_STANDARD = "gnu++14";
				CLANG_CXX_LIBRARY = "libc++";
				CLANG_ENABLE_MODULES = YES;
				CLANG_ENABLE_OBJC_ARC = YES;
				CLANG_ENABLE_OBJC_WEAK = YES;
				CLANG_WARN_BLOCK_CAPTURE_AUTORELEASING = YES;
				CLANG_WARN_BOOL_CONVERSION = YES;
				CLANG_WARN_COMMA = YES;
				CLANG_WARN_CONSTANT_CONVERSION = YES;
				CLANG_WARN_DEPRECATED_OBJC_IMPLEMENTATIONS = YES;
				CLANG_WARN_DIRECT_OBJC_ISA_USAGE = YES_ERROR;
				CLANG_WARN_DOCUMENTATION_COMMENTS = YES;
				CLANG_WARN_EMPTY_BODY = YES;
				CLANG_WARN_ENUM_CONVERSION = YES;
				CLANG_WARN_INFINITE_RECURSION = YES;
				CLANG_WARN_INT_CONVERSION = YES;
				CLANG_WARN_NON_LITERAL_NULL_CONVERSION = YES;
				CLANG_WARN_OBJC_IMPLICIT_RETAIN_SELF = YES;
				CLANG_WARN_OBJC_LITERAL_CONVERSION = YES;
				CLANG_WARN_OBJC_ROOT_CLASS = YES_ERROR;
				CLANG_WARN_QUOTED_INCLUDE_IN_FRAMEWORK_HEADER = YES;
				CLANG_WARN_RANGE_LOOP_ANALYSIS = YES;
				CLANG_WARN_STRICT_PROTOTYPES = YES;
				CLANG_WARN_SUSPICIOUS_MOVE = YES;
				CLANG_WARN_UNGUARDED_AVAILABILITY = YES_AGGRESSIVE;
				CLANG_WARN_UNREACHABLE_CODE = YES;
				CLANG_WARN__DUPLICATE_METHOD_MATCH = YES;
				COPY_PHASE_STRIP = NO;
				DEBUG_INFORMATION_FORMAT = "dwarf-with-dsym";
				ENABLE_NS_ASSERTIONS = NO;
				ENABLE_STRICT_OBJC_MSGSEND = YES;
				GCC_C_LANGUAGE_STANDARD = gnu11;
				GCC_NO_COMMON_BLOCKS = YES;
				GCC_WARN_64_TO_32_BIT_CONVERSION = YES;
				GCC_WARN_ABOUT_RETURN_TYPE = YES_ERROR;
				GCC_WARN_UNDECLARED_SELECTOR = YES;
				GCC_WARN_UNINITIALIZED_AUTOS = YES_AGGRESSIVE;
				GCC_WARN_UNUSED_FUNCTION = YES;
				GCC_WARN_UNUSED_VARIABLE = YES;
				IPHONEOS_DEPLOYMENT_TARGET = 16.0;
				MTL_ENABLE_DEBUG_INFO = NO;
				MTL_FAST_MATH = YES;
				PRODUCT_NAME = "$(TARGET_NAME)";
				SDKROOT = iphoneos;
				SWIFT_COMPILATION_MODE = wholemodule;
				SWIFT_OPTIMIZATION_LEVEL = "-O";
				SWIFT_VERSION = 5.9;
			};
			name = Release;
		};
		8D74413A56BDCEC2CE9E78A8 /* Debug */ = {
			isa = XCBuildConfiguration;
			buildSettings = {
				ASSETCATALOG_COMPILER_APPICON_NAME = AppIcon;
				CODE_SIGN_IDENTITY = "iPhone Developer";
				CODE_SIGN_STYLE = Automatic;
				DEVELOPMENT_TEAM = "";
				GENERATE_INFOPLIST_FILE = NO;
				INFOPLIST_FILE = PhoneCamStream/Info.plist;
				LD_RUNPATH_SEARCH_PATHS = (
					"$(inherited)",
					"@executable_path/Frameworks",
				);
				PRODUCT_BUNDLE_IDENTIFIER = com.treehacks.PhoneCamStream;
				SDKROOT = iphoneos;
				TARGETED_DEVICE_FAMILY = 1;
			};
			name = Debug;
		};
		CCE558676F276F14F036C048 /* Release */ = {
			isa = XCBuildConfiguration;
			buildSettings = {
				ASSETCATALOG_COMPILER_APPICON_NAME = AppIcon;
				CODE_SIGN_IDENTITY = "iPhone Developer";
				CODE_SIGN_STYLE = Automatic;
				DEVELOPMENT_TEAM = "";
				GENERATE_INFOPLIST_FILE = NO;
				INFOPLIST_FILE = PhoneCamStream/Info.plist;
				LD_RUNPATH_SEARCH_PATHS = (
					"$(inherited)",
					"@executable_path/Frameworks",
				);
				PRODUCT_BUNDLE_IDENTIFIER = com.treehacks.PhoneCamStream;
				SDKROOT = iphoneos;
				TARGETED_DEVICE_FAMILY = 1;
			};
			name = Release;
		};
/* End XCBuildConfiguration section */

/* Begin XCConfigurationList section */
		1ED2D9F0612A17CC6F091639 /* Build configuration list for PBXNativeTarget "PhoneCamStream" */ = {
			isa = XCConfigurationList;
			buildConfigurations = (
				8D74413A56BDCEC2CE9E78A8 /* Debug */,
				CCE558676F276F14F036C048 /* Release */,
			);
			defaultConfigurationIsVisible = 0;
			defaultConfigurationName = Debug;
		};
		F2C6A4E046A348D0EC97CBE2 /* Build configuration list for PBXProject "PhoneCamStream" */ = {
			isa = XCConfigurationList;
			buildConfigurations = (
				30622F644FABED4FFEBEA4EC /* Debug */,
				5FC3A462CC64FECCABDF02F3 /* Release */,
			);
			defaultConfigurationIsVisible = 0;
			defaultConfigurationName = Debug;
		};
/* End XCConfigurationList section */
	};
	rootObject = 2255557C7C58E8CAED12A410 /* Project object */;
}
